// !$*UTF8*$!
{
	archiveVersion = 1;
	classes = {
	};
	objectVersion = 46;
	objects = {

/* Begin PBXBuildFile section */
		173DC58E1EA749C7007C40B9 /* main.m in Sources */ = {isa = PBXBuildFile; fileRef = 173DC58D1EA749C7007C40B9 /* main.m */; };
		173DC5911EA749C7007C40B9 /* AppDelegate.m in Sources */ = {isa = PBXBuildFile; fileRef = 173DC5901EA749C7007C40B9 /* AppDelegate.m */; };
		173DC5941EA749C7007C40B9 /* ViewController.m in Sources */ = {isa = PBXBuildFile; fileRef = 173DC5931EA749C7007C40B9 /* ViewController.m */; };
		173DC5971EA749C7007C40B9 /* Main.storyboard in Resources */ = {isa = PBXBuildFile; fileRef = 173DC5951EA749C7007C40B9 /* Main.storyboard */; };
		173DC5991EA749C7007C40B9 /* Assets.xcassets in Resources */ = {isa = PBXBuildFile; fileRef = 173DC5981EA749C7007C40B9 /* Assets.xcassets */; };
		173DC59C1EA749C7007C40B9 /* LaunchScreen.storyboard in Resources */ = {isa = PBXBuildFile; fileRef = 173DC59A1EA749C7007C40B9 /* LaunchScreen.storyboard */; };
		173DC5A71EA749C8007C40B9 /* occupyBoxTests.m in Sources */ = {isa = PBXBuildFile; fileRef = 173DC5A61EA749C8007C40B9 /* occupyBoxTests.m */; };
		173DC5B21EA749C8007C40B9 /* occupyBoxUITests.m in Sources */ = {isa = PBXBuildFile; fileRef = 173DC5B11EA749C8007C40B9 /* occupyBoxUITests.m */; };
		173DC5CB1EA74FC5007C40B9 /* OBBaseViewController.m in Sources */ = {isa = PBXBuildFile; fileRef = 173DC5CA1EA74FC5007C40B9 /* OBBaseViewController.m */; };
		173DC5D41EA7528E007C40B9 /* OBHomeController.m in Sources */ = {isa = PBXBuildFile; fileRef = 173DC5D31EA7528E007C40B9 /* OBHomeController.m */; };
		173DC5D71EA7529F007C40B9 /* OBUserController.m in Sources */ = {isa = PBXBuildFile; fileRef = 173DC5D61EA7529F007C40B9 /* OBUserController.m */; };
		173DC5DA1EA75413007C40B9 /* OBCalcu.m in Sources */ = {isa = PBXBuildFile; fileRef = 173DC5D91EA75413007C40B9 /* OBCalcu.m */; };
		173DC5E01EA75A17007C40B9 /* OBBox.m in Sources */ = {isa = PBXBuildFile; fileRef = 173DC5DF1EA75A17007C40B9 /* OBBox.m */; };
		173DC5FC1EA75B4A007C40B9 /* Info.plist in Resources */ = {isa = PBXBuildFile; fileRef = 173DC5E21EA75B4A007C40B9 /* Info.plist */; };
		173DC5FD1EA75B4A007C40B9 /* MASCompositeConstraint.m in Sources */ = {isa = PBXBuildFile; fileRef = 173DC5E41EA75B4A007C40B9 /* MASCompositeConstraint.m */; };
		173DC5FE1EA75B4A007C40B9 /* MASConstraint.m in Sources */ = {isa = PBXBuildFile; fileRef = 173DC5E71EA75B4A007C40B9 /* MASConstraint.m */; };
		173DC5FF1EA75B4A007C40B9 /* MASConstraintMaker.m in Sources */ = {isa = PBXBuildFile; fileRef = 173DC5E91EA75B4A007C40B9 /* MASConstraintMaker.m */; };
		173DC6001EA75B4A007C40B9 /* MASLayoutConstraint.m in Sources */ = {isa = PBXBuildFile; fileRef = 173DC5EB1EA75B4A007C40B9 /* MASLayoutConstraint.m */; };
		173DC6011EA75B4A007C40B9 /* MASViewAttribute.m in Sources */ = {isa = PBXBuildFile; fileRef = 173DC5EF1EA75B4A007C40B9 /* MASViewAttribute.m */; };
		173DC6021EA75B4A007C40B9 /* MASViewConstraint.m in Sources */ = {isa = PBXBuildFile; fileRef = 173DC5F11EA75B4A007C40B9 /* MASViewConstraint.m */; };
		173DC6031EA75B4A007C40B9 /* NSArray+MASAdditions.m in Sources */ = {isa = PBXBuildFile; fileRef = 173DC5F31EA75B4A007C40B9 /* NSArray+MASAdditions.m */; };
		173DC6041EA75B4A007C40B9 /* NSLayoutConstraint+MASDebugAdditions.m in Sources */ = {isa = PBXBuildFile; fileRef = 173DC5F61EA75B4A007C40B9 /* NSLayoutConstraint+MASDebugAdditions.m */; };
		173DC6051EA75B4A007C40B9 /* View+MASAdditions.m in Sources */ = {isa = PBXBuildFile; fileRef = 173DC5F81EA75B4A007C40B9 /* View+MASAdditions.m */; };
		173DC6061EA75B4A007C40B9 /* ViewController+MASAdditions.m in Sources */ = {isa = PBXBuildFile; fileRef = 173DC5FB1EA75B4A007C40B9 /* ViewController+MASAdditions.m */; };
		173DC6091EA88ABE007C40B9 /* OBBoxColor.m in Sources */ = {isa = PBXBuildFile; fileRef = 173DC6081EA88ABE007C40B9 /* OBBoxColor.m */; };
		173DC60C1EAA0427007C40B9 /* OBRuleController.m in Sources */ = {isa = PBXBuildFile; fileRef = 173DC60B1EAA0427007C40B9 /* OBRuleController.m */; };
/* End PBXBuildFile section */

/* Begin PBXContainerItemProxy section */
		173DC5A31EA749C8007C40B9 /* PBXContainerItemProxy */ = {
			isa = PBXContainerItemProxy;
			containerPortal = 173DC5811EA749C7007C40B9 /* Project object */;
			proxyType = 1;
			remoteGlobalIDString = 173DC5881EA749C7007C40B9;
			remoteInfo = occupyBox;
		};
		173DC5AE1EA749C8007C40B9 /* PBXContainerItemProxy */ = {
			isa = PBXContainerItemProxy;
			containerPortal = 173DC5811EA749C7007C40B9 /* Project object */;
			proxyType = 1;
			remoteGlobalIDString = 173DC5881EA749C7007C40B9;
			remoteInfo = occupyBox;
		};
/* End PBXContainerItemProxy section */

/* Begin PBXFileReference section */
		173DC5891EA749C7007C40B9 /* occupyBox.app */ = {isa = PBXFileReference; explicitFileType = wrapper.application; includeInIndex = 0; path = occupyBox.app; sourceTree = BUILT_PRODUCTS_DIR; };
		173DC58D1EA749C7007C40B9 /* main.m */ = {isa = PBXFileReference; lastKnownFileType = sourcecode.c.objc; path = main.m; sourceTree = "<group>"; };
		173DC58F1EA749C7007C40B9 /* AppDelegate.h */ = {isa = PBXFileReference; lastKnownFileType = sourcecode.c.h; name = AppDelegate.h; path = occupyBox/AppDelegate.h; sourceTree = SOURCE_ROOT; };
		173DC5901EA749C7007C40B9 /* AppDelegate.m */ = {isa = PBXFileReference; lastKnownFileType = sourcecode.c.objc; name = AppDelegate.m; path = occupyBox/AppDelegate.m; sourceTree = SOURCE_ROOT; };
		173DC5921EA749C7007C40B9 /* ViewController.h */ = {isa = PBXFileReference; lastKnownFileType = sourcecode.c.h; name = ViewController.h; path = ../ViewController.h; sourceTree = "<group>"; };
		173DC5931EA749C7007C40B9 /* ViewController.m */ = {isa = PBXFileReference; lastKnownFileType = sourcecode.c.objc; name = ViewController.m; path = ../ViewController.m; sourceTree = "<group>"; };
		173DC5961EA749C7007C40B9 /* Base */ = {isa = PBXFileReference; lastKnownFileType = file.storyboard; name = Base; path = Base.lproj/Main.storyboard; sourceTree = "<group>"; };
		173DC5981EA749C7007C40B9 /* Assets.xcassets */ = {isa = PBXFileReference; lastKnownFileType = folder.assetcatalog; name = Assets.xcassets; path = ../Assets.xcassets; sourceTree = "<group>"; };
		173DC59B1EA749C7007C40B9 /* Base */ = {isa = PBXFileReference; lastKnownFileType = file.storyboard; name = Base; path = Base.lproj/LaunchScreen.storyboard; sourceTree = "<group>"; };
		173DC59D1EA749C7007C40B9 /* Info.plist */ = {isa = PBXFileReference; lastKnownFileType = text.plist.xml; name = Info.plist; path = ../Info.plist; sourceTree = "<group>"; };
		173DC5A21EA749C8007C40B9 /* occupyBoxTests.xctest */ = {isa = PBXFileReference; explicitFileType = wrapper.cfbundle; includeInIndex = 0; path = occupyBoxTests.xctest; sourceTree = BUILT_PRODUCTS_DIR; };
		173DC5A61EA749C8007C40B9 /* occupyBoxTests.m */ = {isa = PBXFileReference; lastKnownFileType = sourcecode.c.objc; path = occupyBoxTests.m; sourceTree = "<group>"; };
		173DC5A81EA749C8007C40B9 /* Info.plist */ = {isa = PBXFileReference; lastKnownFileType = text.plist.xml; path = Info.plist; sourceTree = "<group>"; };
		173DC5AD1EA749C8007C40B9 /* occupyBoxUITests.xctest */ = {isa = PBXFileReference; explicitFileType = wrapper.cfbundle; includeInIndex = 0; path = occupyBoxUITests.xctest; sourceTree = BUILT_PRODUCTS_DIR; };
		173DC5B11EA749C8007C40B9 /* occupyBoxUITests.m */ = {isa = PBXFileReference; lastKnownFileType = sourcecode.c.objc; path = occupyBoxUITests.m; sourceTree = "<group>"; };
		173DC5B31EA749C8007C40B9 /* Info.plist */ = {isa = PBXFileReference; lastKnownFileType = text.plist.xml; path = Info.plist; sourceTree = "<group>"; };
		173DC5C51EA74DEF007C40B9 /* occupyBox.pch */ = {isa = PBXFileReference; lastKnownFileType = sourcecode.c.h; path = occupyBox.pch; sourceTree = "<group>"; };
		173DC5C91EA74FC5007C40B9 /* OBBaseViewController.h */ = {isa = PBXFileReference; fileEncoding = 4; lastKnownFileType = sourcecode.c.h; path = OBBaseViewController.h; sourceTree = "<group>"; };
		173DC5CA1EA74FC5007C40B9 /* OBBaseViewController.m */ = {isa = PBXFileReference; fileEncoding = 4; lastKnownFileType = sourcecode.c.objc; path = OBBaseViewController.m; sourceTree = "<group>"; };
		173DC5D21EA7528E007C40B9 /* OBHomeController.h */ = {isa = PBXFileReference; fileEncoding = 4; lastKnownFileType = sourcecode.c.h; path = OBHomeController.h; sourceTree = "<group>"; };
		173DC5D31EA7528E007C40B9 /* OBHomeController.m */ = {isa = PBXFileReference; fileEncoding = 4; lastKnownFileType = sourcecode.c.objc; path = OBHomeController.m; sourceTree = "<group>"; };
		173DC5D51EA7529F007C40B9 /* OBUserController.h */ = {isa = PBXFileReference; fileEncoding = 4; lastKnownFileType = sourcecode.c.h; path = OBUserController.h; sourceTree = "<group>"; };
		173DC5D61EA7529F007C40B9 /* OBUserController.m */ = {isa = PBXFileReference; fileEncoding = 4; lastKnownFileType = sourcecode.c.objc; path = OBUserController.m; sourceTree = "<group>"; };
		173DC5D81EA75413007C40B9 /* OBCalcu.h */ = {isa = PBXFileReference; fileEncoding = 4; lastKnownFileType = sourcecode.c.h; path = OBCalcu.h; sourceTree = "<group>"; };
		173DC5D91EA75413007C40B9 /* OBCalcu.m */ = {isa = PBXFileReference; fileEncoding = 4; lastKnownFileType = sourcecode.c.objc; path = OBCalcu.m; sourceTree = "<group>"; };
		173DC5DE1EA75A17007C40B9 /* OBBox.h */ = {isa = PBXFileReference; fileEncoding = 4; lastKnownFileType = sourcecode.c.h; path = OBBox.h; sourceTree = "<group>"; };
		173DC5DF1EA75A17007C40B9 /* OBBox.m */ = {isa = PBXFileReference; fileEncoding = 4; lastKnownFileType = sourcecode.c.objc; path = OBBox.m; sourceTree = "<group>"; };
		173DC5E21EA75B4A007C40B9 /* Info.plist */ = {isa = PBXFileReference; fileEncoding = 4; lastKnownFileType = text.plist.xml; path = Info.plist; sourceTree = "<group>"; };
		173DC5E31EA75B4A007C40B9 /* MASCompositeConstraint.h */ = {isa = PBXFileReference; fileEncoding = 4; lastKnownFileType = sourcecode.c.h; path = MASCompositeConstraint.h; sourceTree = "<group>"; };
		173DC5E41EA75B4A007C40B9 /* MASCompositeConstraint.m */ = {isa = PBXFileReference; fileEncoding = 4; lastKnownFileType = sourcecode.c.objc; path = MASCompositeConstraint.m; sourceTree = "<group>"; };
		173DC5E51EA75B4A007C40B9 /* MASConstraint+Private.h */ = {isa = PBXFileReference; fileEncoding = 4; lastKnownFileType = sourcecode.c.h; path = "MASConstraint+Private.h"; sourceTree = "<group>"; };
		173DC5E61EA75B4A007C40B9 /* MASConstraint.h */ = {isa = PBXFileReference; fileEncoding = 4; lastKnownFileType = sourcecode.c.h; path = MASConstraint.h; sourceTree = "<group>"; };
		173DC5E71EA75B4A007C40B9 /* MASConstraint.m */ = {isa = PBXFileReference; fileEncoding = 4; lastKnownFileType = sourcecode.c.objc; path = MASConstraint.m; sourceTree = "<group>"; };
		173DC5E81EA75B4A007C40B9 /* MASConstraintMaker.h */ = {isa = PBXFileReference; fileEncoding = 4; lastKnownFileType = sourcecode.c.h; path = MASConstraintMaker.h; sourceTree = "<group>"; };
		173DC5E91EA75B4A007C40B9 /* MASConstraintMaker.m */ = {isa = PBXFileReference; fileEncoding = 4; lastKnownFileType = sourcecode.c.objc; path = MASConstraintMaker.m; sourceTree = "<group>"; };
		173DC5EA1EA75B4A007C40B9 /* MASLayoutConstraint.h */ = {isa = PBXFileReference; fileEncoding = 4; lastKnownFileType = sourcecode.c.h; path = MASLayoutConstraint.h; sourceTree = "<group>"; };
		173DC5EB1EA75B4A007C40B9 /* MASLayoutConstraint.m */ = {isa = PBXFileReference; fileEncoding = 4; lastKnownFileType = sourcecode.c.objc; path = MASLayoutConstraint.m; sourceTree = "<group>"; };
		173DC5EC1EA75B4A007C40B9 /* Masonry.h */ = {isa = PBXFileReference; fileEncoding = 4; lastKnownFileType = sourcecode.c.h; path = Masonry.h; sourceTree = "<group>"; };
		173DC5ED1EA75B4A007C40B9 /* MASUtilities.h */ = {isa = PBXFileReference; fileEncoding = 4; lastKnownFileType = sourcecode.c.h; path = MASUtilities.h; sourceTree = "<group>"; };
		173DC5EE1EA75B4A007C40B9 /* MASViewAttribute.h */ = {isa = PBXFileReference; fileEncoding = 4; lastKnownFileType = sourcecode.c.h; path = MASViewAttribute.h; sourceTree = "<group>"; };
		173DC5EF1EA75B4A007C40B9 /* MASViewAttribute.m */ = {isa = PBXFileReference; fileEncoding = 4; lastKnownFileType = sourcecode.c.objc; path = MASViewAttribute.m; sourceTree = "<group>"; };
		173DC5F01EA75B4A007C40B9 /* MASViewConstraint.h */ = {isa = PBXFileReference; fileEncoding = 4; lastKnownFileType = sourcecode.c.h; path = MASViewConstraint.h; sourceTree = "<group>"; };
		173DC5F11EA75B4A007C40B9 /* MASViewConstraint.m */ = {isa = PBXFileReference; fileEncoding = 4; lastKnownFileType = sourcecode.c.objc; path = MASViewConstraint.m; sourceTree = "<group>"; };
		173DC5F21EA75B4A007C40B9 /* NSArray+MASAdditions.h */ = {isa = PBXFileReference; fileEncoding = 4; lastKnownFileType = sourcecode.c.h; path = "NSArray+MASAdditions.h"; sourceTree = "<group>"; };
		173DC5F31EA75B4A007C40B9 /* NSArray+MASAdditions.m */ = {isa = PBXFileReference; fileEncoding = 4; lastKnownFileType = sourcecode.c.objc; path = "NSArray+MASAdditions.m"; sourceTree = "<group>"; };
		173DC5F41EA75B4A007C40B9 /* NSArray+MASShorthandAdditions.h */ = {isa = PBXFileReference; fileEncoding = 4; lastKnownFileType = sourcecode.c.h; path = "NSArray+MASShorthandAdditions.h"; sourceTree = "<group>"; };
		173DC5F51EA75B4A007C40B9 /* NSLayoutConstraint+MASDebugAdditions.h */ = {isa = PBXFileReference; fileEncoding = 4; lastKnownFileType = sourcecode.c.h; path = "NSLayoutConstraint+MASDebugAdditions.h"; sourceTree = "<group>"; };
		173DC5F61EA75B4A007C40B9 /* NSLayoutConstraint+MASDebugAdditions.m */ = {isa = PBXFileReference; fileEncoding = 4; lastKnownFileType = sourcecode.c.objc; path = "NSLayoutConstraint+MASDebugAdditions.m"; sourceTree = "<group>"; };
		173DC5F71EA75B4A007C40B9 /* View+MASAdditions.h */ = {isa = PBXFileReference; fileEncoding = 4; lastKnownFileType = sourcecode.c.h; path = "View+MASAdditions.h"; sourceTree = "<group>"; };
		173DC5F81EA75B4A007C40B9 /* View+MASAdditions.m */ = {isa = PBXFileReference; fileEncoding = 4; lastKnownFileType = sourcecode.c.objc; path = "View+MASAdditions.m"; sourceTree = "<group>"; };
		173DC5F91EA75B4A007C40B9 /* View+MASShorthandAdditions.h */ = {isa = PBXFileReference; fileEncoding = 4; lastKnownFileType = sourcecode.c.h; path = "View+MASShorthandAdditions.h"; sourceTree = "<group>"; };
		173DC5FA1EA75B4A007C40B9 /* ViewController+MASAdditions.h */ = {isa = PBXFileReference; fileEncoding = 4; lastKnownFileType = sourcecode.c.h; path = "ViewController+MASAdditions.h"; sourceTree = "<group>"; };
		173DC5FB1EA75B4A007C40B9 /* ViewController+MASAdditions.m */ = {isa = PBXFileReference; fileEncoding = 4; lastKnownFileType = sourcecode.c.objc; path = "ViewController+MASAdditions.m"; sourceTree = "<group>"; };
		173DC6071EA88ABE007C40B9 /* OBBoxColor.h */ = {isa = PBXFileReference; fileEncoding = 4; lastKnownFileType = sourcecode.c.h; path = OBBoxColor.h; sourceTree = "<group>"; };
		173DC6081EA88ABE007C40B9 /* OBBoxColor.m */ = {isa = PBXFileReference; fileEncoding = 4; lastKnownFileType = sourcecode.c.objc; path = OBBoxColor.m; sourceTree = "<group>"; };
		173DC60A1EAA0427007C40B9 /* OBRuleController.h */ = {isa = PBXFileReference; fileEncoding = 4; lastKnownFileType = sourcecode.c.h; path = OBRuleController.h; sourceTree = "<group>"; };
		173DC60B1EAA0427007C40B9 /* OBRuleController.m */ = {isa = PBXFileReference; fileEncoding = 4; lastKnownFileType = sourcecode.c.objc; path = OBRuleController.m; sourceTree = "<group>"; };
/* End PBXFileReference section */

/* Begin PBXFrameworksBuildPhase section */
		173DC5861EA749C7007C40B9 /* Frameworks */ = {
			isa = PBXFrameworksBuildPhase;
			buildActionMask = 2147483647;
			files = (
			);
			runOnlyForDeploymentPostprocessing = 0;
		};
		173DC59F1EA749C8007C40B9 /* Frameworks */ = {
			isa = PBXFrameworksBuildPhase;
			buildActionMask = 2147483647;
			files = (
			);
			runOnlyForDeploymentPostprocessing = 0;
		};
		173DC5AA1EA749C8007C40B9 /* Frameworks */ = {
			isa = PBXFrameworksBuildPhase;
			buildActionMask = 2147483647;
			files = (
			);
			runOnlyForDeploymentPostprocessing = 0;
		};
/* End PBXFrameworksBuildPhase section */

/* Begin PBXGroup section */
		173DC5801EA749C7007C40B9 = {
			isa = PBXGroup;
			children = (
				173DC58B1EA749C7007C40B9 /* occupyBox */,
				173DC5A51EA749C8007C40B9 /* occupyBoxTests */,
				173DC5B01EA749C8007C40B9 /* occupyBoxUITests */,
				173DC58A1EA749C7007C40B9 /* Products */,
			);
			sourceTree = "<group>";
		};
		173DC58A1EA749C7007C40B9 /* Products */ = {
			isa = PBXGroup;
			children = (
				173DC5891EA749C7007C40B9 /* occupyBox.app */,
				173DC5A21EA749C8007C40B9 /* occupyBoxTests.xctest */,
				173DC5AD1EA749C8007C40B9 /* occupyBoxUITests.xctest */,
			);
			name = Products;
			sourceTree = "<group>";
		};
		173DC58B1EA749C7007C40B9 /* occupyBox */ = {
			isa = PBXGroup;
			children = (
				173DC5BF1EA74D36007C40B9 /* AppDelegate */,
				173DC5C01EA74D36007C40B9 /* Class */,
			);
			path = occupyBox;
			sourceTree = "<group>";
		};
		173DC58C1EA749C7007C40B9 /* Supporting Files */ = {
			isa = PBXGroup;
			children = (
				173DC58D1EA749C7007C40B9 /* main.m */,
			);
			name = "Supporting Files";
			path = ..;
			sourceTree = "<group>";
		};
		173DC5A51EA749C8007C40B9 /* occupyBoxTests */ = {
			isa = PBXGroup;
			children = (
				173DC5A61EA749C8007C40B9 /* occupyBoxTests.m */,
				173DC5A81EA749C8007C40B9 /* Info.plist */,
			);
			path = occupyBoxTests;
			sourceTree = "<group>";
		};
		173DC5B01EA749C8007C40B9 /* occupyBoxUITests */ = {
			isa = PBXGroup;
			children = (
				173DC5B11EA749C8007C40B9 /* occupyBoxUITests.m */,
				173DC5B31EA749C8007C40B9 /* Info.plist */,
			);
			path = occupyBoxUITests;
			sourceTree = "<group>";
		};
		173DC5BF1EA74D36007C40B9 /* AppDelegate */ = {
			isa = PBXGroup;
			children = (
				173DC58F1EA749C7007C40B9 /* AppDelegate.h */,
				173DC5901EA749C7007C40B9 /* AppDelegate.m */,
				173DC5921EA749C7007C40B9 /* ViewController.h */,
				173DC5931EA749C7007C40B9 /* ViewController.m */,
				173DC5951EA749C7007C40B9 /* Main.storyboard */,
				173DC5981EA749C7007C40B9 /* Assets.xcassets */,
				173DC59A1EA749C7007C40B9 /* LaunchScreen.storyboard */,
				173DC59D1EA749C7007C40B9 /* Info.plist */,
				173DC58C1EA749C7007C40B9 /* Supporting Files */,
				173DC5C51EA74DEF007C40B9 /* occupyBox.pch */,
			);
			path = AppDelegate;
			sourceTree = "<group>";
		};
		173DC5C01EA74D36007C40B9 /* Class */ = {
			isa = PBXGroup;
			children = (
				173DC5C11EA74D36007C40B9 /* Base */,
				173DC5C21EA74D36007C40B9 /* Controller */,
				173DC5C31EA74D36007C40B9 /* Utilities */,
				173DC5C41EA74D36007C40B9 /* View */,
			);
			path = Class;
			sourceTree = "<group>";
		};
		173DC5C11EA74D36007C40B9 /* Base */ = {
			isa = PBXGroup;
			children = (
				173DC5C91EA74FC5007C40B9 /* OBBaseViewController.h */,
				173DC5CA1EA74FC5007C40B9 /* OBBaseViewController.m */,
			);
			path = Base;
			sourceTree = "<group>";
		};
		173DC5C21EA74D36007C40B9 /* Controller */ = {
			isa = PBXGroup;
			children = (
				173DC5D21EA7528E007C40B9 /* OBHomeController.h */,
				173DC5D31EA7528E007C40B9 /* OBHomeController.m */,
				173DC5D51EA7529F007C40B9 /* OBUserController.h */,
				173DC5D61EA7529F007C40B9 /* OBUserController.m */,
				173DC60A1EAA0427007C40B9 /* OBRuleController.h */,
				173DC60B1EAA0427007C40B9 /* OBRuleController.m */,
			);
			path = Controller;
			sourceTree = "<group>";
		};
		173DC5C31EA74D36007C40B9 /* Utilities */ = {
			isa = PBXGroup;
			children = (
				173DC5D81EA75413007C40B9 /* OBCalcu.h */,
				173DC5D91EA75413007C40B9 /* OBCalcu.m */,
				173DC6071EA88ABE007C40B9 /* OBBoxColor.h */,
				173DC6081EA88ABE007C40B9 /* OBBoxColor.m */,
				173DC5E11EA75B4A007C40B9 /* Masonry */,
			);
			path = Utilities;
			sourceTree = "<group>";
		};
		173DC5C41EA74D36007C40B9 /* View */ = {
			isa = PBXGroup;
			children = (
				173DC5DE1EA75A17007C40B9 /* OBBox.h */,
				173DC5DF1EA75A17007C40B9 /* OBBox.m */,
			);
			path = View;
			sourceTree = "<group>";
		};
		173DC5E11EA75B4A007C40B9 /* Masonry */ = {
			isa = PBXGroup;
			children = (
				173DC5E21EA75B4A007C40B9 /* Info.plist */,
				173DC5E31EA75B4A007C40B9 /* MASCompositeConstraint.h */,
				173DC5E41EA75B4A007C40B9 /* MASCompositeConstraint.m */,
				173DC5E51EA75B4A007C40B9 /* MASConstraint+Private.h */,
				173DC5E61EA75B4A007C40B9 /* MASConstraint.h */,
				173DC5E71EA75B4A007C40B9 /* MASConstraint.m */,
				173DC5E81EA75B4A007C40B9 /* MASConstraintMaker.h */,
				173DC5E91EA75B4A007C40B9 /* MASConstraintMaker.m */,
				173DC5EA1EA75B4A007C40B9 /* MASLayoutConstraint.h */,
				173DC5EB1EA75B4A007C40B9 /* MASLayoutConstraint.m */,
				173DC5EC1EA75B4A007C40B9 /* Masonry.h */,
				173DC5ED1EA75B4A007C40B9 /* MASUtilities.h */,
				173DC5EE1EA75B4A007C40B9 /* MASViewAttribute.h */,
				173DC5EF1EA75B4A007C40B9 /* MASViewAttribute.m */,
				173DC5F01EA75B4A007C40B9 /* MASViewConstraint.h */,
				173DC5F11EA75B4A007C40B9 /* MASViewConstraint.m */,
				173DC5F21EA75B4A007C40B9 /* NSArray+MASAdditions.h */,
				173DC5F31EA75B4A007C40B9 /* NSArray+MASAdditions.m */,
				173DC5F41EA75B4A007C40B9 /* NSArray+MASShorthandAdditions.h */,
				173DC5F51EA75B4A007C40B9 /* NSLayoutConstraint+MASDebugAdditions.h */,
				173DC5F61EA75B4A007C40B9 /* NSLayoutConstraint+MASDebugAdditions.m */,
				173DC5F71EA75B4A007C40B9 /* View+MASAdditions.h */,
				173DC5F81EA75B4A007C40B9 /* View+MASAdditions.m */,
				173DC5F91EA75B4A007C40B9 /* View+MASShorthandAdditions.h */,
				173DC5FA1EA75B4A007C40B9 /* ViewController+MASAdditions.h */,
				173DC5FB1EA75B4A007C40B9 /* ViewController+MASAdditions.m */,
			);
			path = Masonry;
			sourceTree = "<group>";
		};
/* End PBXGroup section */

/* Begin PBXNativeTarget section */
		173DC5881EA749C7007C40B9 /* occupyBox */ = {
			isa = PBXNativeTarget;
			buildConfigurationList = 173DC5B61EA749C8007C40B9 /* Build configuration list for PBXNativeTarget "occupyBox" */;
			buildPhases = (
				173DC5851EA749C7007C40B9 /* Sources */,
				173DC5861EA749C7007C40B9 /* Frameworks */,
				173DC5871EA749C7007C40B9 /* Resources */,
			);
			buildRules = (
			);
			dependencies = (
			);
			name = occupyBox;
			productName = occupyBox;
			productReference = 173DC5891EA749C7007C40B9 /* occupyBox.app */;
			productType = "com.apple.product-type.application";
		};
		173DC5A11EA749C8007C40B9 /* occupyBoxTests */ = {
			isa = PBXNativeTarget;
			buildConfigurationList = 173DC5B91EA749C8007C40B9 /* Build configuration list for PBXNativeTarget "occupyBoxTests" */;
			buildPhases = (
				173DC59E1EA749C8007C40B9 /* Sources */,
				173DC59F1EA749C8007C40B9 /* Frameworks */,
				173DC5A01EA749C8007C40B9 /* Resources */,
			);
			buildRules = (
			);
			dependencies = (
				173DC5A41EA749C8007C40B9 /* PBXTargetDependency */,
			);
			name = occupyBoxTests;
			productName = occupyBoxTests;
			productReference = 173DC5A21EA749C8007C40B9 /* occupyBoxTests.xctest */;
			productType = "com.apple.product-type.bundle.unit-test";
		};
		173DC5AC1EA749C8007C40B9 /* occupyBoxUITests */ = {
			isa = PBXNativeTarget;
			buildConfigurationList = 173DC5BC1EA749C8007C40B9 /* Build configuration list for PBXNativeTarget "occupyBoxUITests" */;
			buildPhases = (
				173DC5A91EA749C8007C40B9 /* Sources */,
				173DC5AA1EA749C8007C40B9 /* Frameworks */,
				173DC5AB1EA749C8007C40B9 /* Resources */,
			);
			buildRules = (
			);
			dependencies = (
				173DC5AF1EA749C8007C40B9 /* PBXTargetDependency */,
			);
			name = occupyBoxUITests;
			productName = occupyBoxUITests;
			productReference = 173DC5AD1EA749C8007C40B9 /* occupyBoxUITests.xctest */;
			productType = "com.apple.product-type.bundle.ui-testing";
		};
/* End PBXNativeTarget section */

/* Begin PBXProject section */
		173DC5811EA749C7007C40B9 /* Project object */ = {
			isa = PBXProject;
			attributes = {
				LastUpgradeCheck = 0810;
				ORGANIZATIONNAME = biqinglin;
				TargetAttributes = {
					173DC5881EA749C7007C40B9 = {
						CreatedOnToolsVersion = 8.1;
						DevelopmentTeam = F2H2723AY5;
						ProvisioningStyle = Automatic;
					};
					173DC5A11EA749C8007C40B9 = {
						CreatedOnToolsVersion = 8.1;
						ProvisioningStyle = Automatic;
						TestTargetID = 173DC5881EA749C7007C40B9;
					};
					173DC5AC1EA749C8007C40B9 = {
						CreatedOnToolsVersion = 8.1;
						ProvisioningStyle = Automatic;
						TestTargetID = 173DC5881EA749C7007C40B9;
					};
				};
			};
			buildConfigurationList = 173DC5841EA749C7007C40B9 /* Build configuration list for PBXProject "occupyBox" */;
			compatibilityVersion = "Xcode 3.2";
			developmentRegion = English;
			hasScannedForEncodings = 0;
			knownRegions = (
				en,
				Base,
			);
			mainGroup = 173DC5801EA749C7007C40B9;
			productRefGroup = 173DC58A1EA749C7007C40B9 /* Products */;
			projectDirPath = "";
			projectRoot = "";
			targets = (
				173DC5881EA749C7007C40B9 /* occupyBox */,
				173DC5A11EA749C8007C40B9 /* occupyBoxTests */,
				173DC5AC1EA749C8007C40B9 /* occupyBoxUITests */,
			);
		};
/* End PBXProject section */

/* Begin PBXResourcesBuildPhase section */
		173DC5871EA749C7007C40B9 /* Resources */ = {
			isa = PBXResourcesBuildPhase;
			buildActionMask = 2147483647;
			files = (
				173DC5FC1EA75B4A007C40B9 /* Info.plist in Resources */,
				173DC59C1EA749C7007C40B9 /* LaunchScreen.storyboard in Resources */,
				173DC5991EA749C7007C40B9 /* Assets.xcassets in Resources */,
				173DC5971EA749C7007C40B9 /* Main.storyboard in Resources */,
			);
			runOnlyForDeploymentPostprocessing = 0;
		};
		173DC5A01EA749C8007C40B9 /* Resources */ = {
			isa = PBXResourcesBuildPhase;
			buildActionMask = 2147483647;
			files = (
			);
			runOnlyForDeploymentPostprocessing = 0;
		};
		173DC5AB1EA749C8007C40B9 /* Resources */ = {
			isa = PBXResourcesBuildPhase;
			buildActionMask = 2147483647;
			files = (
			);
			runOnlyForDeploymentPostprocessing = 0;
		};
/* End PBXResourcesBuildPhase section */

/* Begin PBXSourcesBuildPhase section */
		173DC5851EA749C7007C40B9 /* Sources */ = {
			isa = PBXSourcesBuildPhase;
			buildActionMask = 2147483647;
			files = (
				173DC6091EA88ABE007C40B9 /* OBBoxColor.m in Sources */,
				173DC6021EA75B4A007C40B9 /* MASViewConstraint.m in Sources */,
				173DC6011EA75B4A007C40B9 /* MASViewAttribute.m in Sources */,
				173DC60C1EAA0427007C40B9 /* OBRuleController.m in Sources */,
				173DC5D71EA7529F007C40B9 /* OBUserController.m in Sources */,
				173DC5941EA749C7007C40B9 /* ViewController.m in Sources */,
				173DC5E01EA75A17007C40B9 /* OBBox.m in Sources */,
				173DC5FD1EA75B4A007C40B9 /* MASCompositeConstraint.m in Sources */,
				173DC5FF1EA75B4A007C40B9 /* MASConstraintMaker.m in Sources */,
				173DC6051EA75B4A007C40B9 /* View+MASAdditions.m in Sources */,
				173DC6001EA75B4A007C40B9 /* MASLayoutConstraint.m in Sources */,
				173DC6061EA75B4A007C40B9 /* ViewController+MASAdditions.m in Sources */,
				173DC5FE1EA75B4A007C40B9 /* MASConstraint.m in Sources */,
				173DC5D41EA7528E007C40B9 /* OBHomeController.m in Sources */,
				173DC5911EA749C7007C40B9 /* AppDelegate.m in Sources */,
				173DC6031EA75B4A007C40B9 /* NSArray+MASAdditions.m in Sources */,
				173DC6041EA75B4A007C40B9 /* NSLayoutConstraint+MASDebugAdditions.m in Sources */,
				173DC5DA1EA75413007C40B9 /* OBCalcu.m in Sources */,
				173DC5CB1EA74FC5007C40B9 /* OBBaseViewController.m in Sources */,
				173DC58E1EA749C7007C40B9 /* main.m in Sources */,
			);
			runOnlyForDeploymentPostprocessing = 0;
		};
		173DC59E1EA749C8007C40B9 /* Sources */ = {
			isa = PBXSourcesBuildPhase;
			buildActionMask = 2147483647;
			files = (
				173DC5A71EA749C8007C40B9 /* occupyBoxTests.m in Sources */,
			);
			runOnlyForDeploymentPostprocessing = 0;
		};
		173DC5A91EA749C8007C40B9 /* Sources */ = {
			isa = PBXSourcesBuildPhase;
			buildActionMask = 2147483647;
			files = (
				173DC5B21EA749C8007C40B9 /* occupyBoxUITests.m in Sources */,
			);
			runOnlyForDeploymentPostprocessing = 0;
		};
/* End PBXSourcesBuildPhase section */

/* Begin PBXTargetDependency section */
		173DC5A41EA749C8007C40B9 /* PBXTargetDependency */ = {
			isa = PBXTargetDependency;
			target = 173DC5881EA749C7007C40B9 /* occupyBox */;
			targetProxy = 173DC5A31EA749C8007C40B9 /* PBXContainerItemProxy */;
		};
		173DC5AF1EA749C8007C40B9 /* PBXTargetDependency */ = {
			isa = PBXTargetDependency;
			target = 173DC5881EA749C7007C40B9 /* occupyBox */;
			targetProxy = 173DC5AE1EA749C8007C40B9 /* PBXContainerItemProxy */;
		};
/* End PBXTargetDependency section */

/* Begin PBXVariantGroup section */
		173DC5951EA749C7007C40B9 /* Main.storyboard */ = {
			isa = PBXVariantGroup;
			children = (
				173DC5961EA749C7007C40B9 /* Base */,
			);
			name = Main.storyboard;
			path = ..;
			sourceTree = "<group>";
		};
		173DC59A1EA749C7007C40B9 /* LaunchScreen.storyboard */ = {
			isa = PBXVariantGroup;
			children = (
				173DC59B1EA749C7007C40B9 /* Base */,
			);
			name = LaunchScreen.storyboard;
			path = ..;
			sourceTree = "<group>";
		};
/* End PBXVariantGroup section */

/* Begin XCBuildConfiguration section */
		173DC5B41EA749C8007C40B9 /* Debug */ = {
			isa = XCBuildConfiguration;
			buildSettings = {
				ALWAYS_SEARCH_USER_PATHS = NO;
				CLANG_ANALYZER_NONNULL = YES;
				CLANG_CXX_LANGUAGE_STANDARD = "gnu++0x";
				CLANG_CXX_LIBRARY = "libc++";
				CLANG_ENABLE_MODULES = YES;
				CLANG_ENABLE_OBJC_ARC = YES;
				CLANG_WARN_BOOL_CONVERSION = YES;
				CLANG_WARN_CONSTANT_CONVERSION = YES;
				CLANG_WARN_DIRECT_OBJC_ISA_USAGE = YES_ERROR;
				CLANG_WARN_DOCUMENTATION_COMMENTS = YES;
				CLANG_WARN_EMPTY_BODY = YES;
				CLANG_WARN_ENUM_CONVERSION = YES;
				CLANG_WARN_INFINITE_RECURSION = YES;
				CLANG_WARN_INT_CONVERSION = YES;
				CLANG_WARN_OBJC_ROOT_CLASS = YES_ERROR;
				CLANG_WARN_SUSPICIOUS_MOVES = YES;
				CLANG_WARN_UNREACHABLE_CODE = YES;
				CLANG_WARN__DUPLICATE_METHOD_MATCH = YES;
				"CODE_SIGN_IDENTITY[sdk=iphoneos*]" = "iPhone Developer";
				COPY_PHASE_STRIP = NO;
				DEBUG_INFORMATION_FORMAT = dwarf;
				ENABLE_STRICT_OBJC_MSGSEND = YES;
				ENABLE_TESTABILITY = YES;
				GCC_C_LANGUAGE_STANDARD = gnu99;
				GCC_DYNAMIC_NO_PIC = NO;
				GCC_NO_COMMON_BLOCKS = YES;
				GCC_OPTIMIZATION_LEVEL = 0;
				GCC_PREPROCESSOR_DEFINITIONS = (
					"DEBUG=1",
					"$(inherited)",
				);
				GCC_WARN_64_TO_32_BIT_CONVERSION = YES;
				GCC_WARN_ABOUT_RETURN_TYPE = YES_ERROR;
				GCC_WARN_UNDECLARED_SELECTOR = YES;
				GCC_WARN_UNINITIALIZED_AUTOS = YES_AGGRESSIVE;
				GCC_WARN_UNUSED_FUNCTION = YES;
				GCC_WARN_UNUSED_VARIABLE = YES;
				IPHONEOS_DEPLOYMENT_TARGET = 10.1;
				MTL_ENABLE_DEBUG_INFO = YES;
				ONLY_ACTIVE_ARCH = YES;
				SDKROOT = iphoneos;
			};
			name = Debug;
		};
		173DC5B51EA749C8007C40B9 /* Release */ = {
			isa = XCBuildConfiguration;
			buildSettings = {
				ALWAYS_SEARCH_USER_PATHS = NO;
				CLANG_ANALYZER_NONNULL = YES;
				CLANG_CXX_LANGUAGE_STANDARD = "gnu++0x";
				CLANG_CXX_LIBRARY = "libc++";
				CLANG_ENABLE_MODULES = YES;
				CLANG_ENABLE_OBJC_ARC = YES;
				CLANG_WARN_BOOL_CONVERSION = YES;
				CLANG_WARN_CONSTANT_CONVERSION = YES;
				CLANG_WARN_DIRECT_OBJC_ISA_USAGE = YES_ERROR;
				CLANG_WARN_DOCUMENTATION_COMMENTS = YES;
				CLANG_WARN_EMPTY_BODY = YES;
				CLANG_WARN_ENUM_CONVERSION = YES;
				CLANG_WARN_INFINITE_RECURSION = YES;
				CLANG_WARN_INT_CONVERSION = YES;
				CLANG_WARN_OBJC_ROOT_CLASS = YES_ERROR;
				CLANG_WARN_SUSPICIOUS_MOVES = YES;
				CLANG_WARN_UNREACHABLE_CODE = YES;
				CLANG_WARN__DUPLICATE_METHOD_MATCH = YES;
				"CODE_SIGN_IDENTITY[sdk=iphoneos*]" = "iPhone Developer";
				COPY_PHASE_STRIP = NO;
				DEBUG_INFORMATION_FORMAT = "dwarf-with-dsym";
				ENABLE_NS_ASSERTIONS = NO;
				ENABLE_STRICT_OBJC_MSGSEND = YES;
				GCC_C_LANGUAGE_STANDARD = gnu99;
				GCC_NO_COMMON_BLOCKS = YES;
				GCC_WARN_64_TO_32_BIT_CONVERSION = YES;
				GCC_WARN_ABOUT_RETURN_TYPE = YES_ERROR;
				GCC_WARN_UNDECLARED_SELECTOR = YES;
				GCC_WARN_UNINITIALIZED_AUTOS = YES_AGGRESSIVE;
				GCC_WARN_UNUSED_FUNCTION = YES;
				GCC_WARN_UNUSED_VARIABLE = YES;
				IPHONEOS_DEPLOYMENT_TARGET = 10.1;
				MTL_ENABLE_DEBUG_INFO = NO;
				SDKROOT = iphoneos;
				VALIDATE_PRODUCT = YES;
			};
			name = Release;
		};
		173DC5B71EA749C8007C40B9 /* Debug */ = {
			isa = XCBuildConfiguration;
			buildSettings = {
				ASSETCATALOG_COMPILER_APPICON_NAME = AppIcon;
				DEVELOPMENT_TEAM = F2H2723AY5;
				GCC_PREFIX_HEADER = "$(SRCROOT)/occupyBox/AppDelegate/occupyBox.pch";
				INFOPLIST_FILE = occupyBox/Info.plist;
				IPHONEOS_DEPLOYMENT_TARGET = 8.0;
				LD_RUNPATH_SEARCH_PATHS = "$(inherited) @executable_path/Frameworks";
				PRODUCT_BUNDLE_IDENTIFIER = com.xx.xx;
				PRODUCT_NAME = "$(TARGET_NAME)";
			};
			name = Debug;
		};
		173DC5B81EA749C8007C40B9 /* Release */ = {
			isa = XCBuildConfiguration;
			buildSettings = {
				ASSETCATALOG_COMPILER_APPICON_NAME = AppIcon;
				DEVELOPMENT_TEAM = F2H2723AY5;
				GCC_PREFIX_HEADER = "$(SRCROOT)/occupyBox/AppDelegate/occupyBox.pch";
				INFOPLIST_FILE = occupyBox/Info.plist;
				IPHONEOS_DEPLOYMENT_TARGET = 8.0;
				LD_RUNPATH_SEARCH_PATHS = "$(inherited) @executable_path/Frameworks";
				PRODUCT_BUNDLE_IDENTIFIER = com.xx.xx;
				PRODUCT_NAME = "$(TARGET_NAME)";
			};
			name = Release;
		};
		173DC5BA1EA749C8007C40B9 /* Debug */ = {
			isa = XCBuildConfiguration;
			buildSettings = {
				BUNDLE_LOADER = "$(TEST_HOST)";
				INFOPLIST_FILE = occupyBoxTests/Info.plist;
				LD_RUNPATH_SEARCH_PATHS = "$(inherited) @executable_path/Frameworks @loader_path/Frameworks";
				PRODUCT_BUNDLE_IDENTIFIER = com.biqinglin.occupyBoxTests;
				PRODUCT_NAME = "$(TARGET_NAME)";
				TEST_HOST = "$(BUILT_PRODUCTS_DIR)/occupyBox.app/occupyBox";
			};
			name = Debug;
		};
		173DC5BB1EA749C8007C40B9 /* Release */ = {
			isa = XCBuildConfiguration;
			buildSettings = {
				BUNDLE_LOADER = "$(TEST_HOST)";
				INFOPLIST_FILE = occupyBoxTests/Info.plist;
				LD_RUNPATH_SEARCH_PATHS = "$(inherited) @executable_path/Frameworks @loader_path/Frameworks";
				PRODUCT_BUNDLE_IDENTIFIER = com.biqinglin.occupyBoxTests;
				PRODUCT_NAME = "$(TARGET_NAME)";
				TEST_HOST = "$(BUILT_PRODUCTS_DIR)/occupyBox.app/occupyBox";
			};
			name = Release;
		};
		173DC5BD1EA749C8007C40B9 /* Debug */ = {
			isa = XCBuildConfiguration;
			buildSettings = {
				INFOPLIST_FILE = occupyBoxUITests/Info.plist;
				LD_RUNPATH_SEARCH_PATHS = "$(inherited) @executable_path/Frameworks @loader_path/Frameworks";
				PRODUCT_BUNDLE_IDENTIFIER = com.biqinglin.occupyBoxUITests;
				PRODUCT_NAME = "$(TARGET_NAME)";
				TEST_TARGET_NAME = occupyBox;
			};
			name = Debug;
		};
		173DC5BE1EA749C8007C40B9 /* Release */ = {
			isa = XCBuildConfiguration;
			buildSettings = {
				INFOPLIST_FILE = occupyBoxUITests/Info.plist;
				LD_RUNPATH_SEARCH_PATHS = "$(inherited) @executable_path/Frameworks @loader_path/Frameworks";
				PRODUCT_BUNDLE_IDENTIFIER = com.biqinglin.occupyBoxUITests;
				PRODUCT_NAME = "$(TARGET_NAME)";
				TEST_TARGET_NAME = occupyBox;
			};
			name = Release;
		};
/* End XCBuildConfiguration section */

/* Begin XCConfigurationList section */
		173DC5841EA749C7007C40B9 /* Build configuration list for PBXProject "occupyBox" */ = {
			isa = XCConfigurationList;
			buildConfigurations = (
				173DC5B41EA749C8007C40B9 /* Debug */,
				173DC5B51EA749C8007C40B9 /* Release */,
			);
			defaultConfigurationIsVisible = 0;
			defaultConfigurationName = Release;
		};
		173DC5B61EA749C8007C40B9 /* Build configuration list for PBXNativeTarget "occupyBox" */ = {
			isa = XCConfigurationList;
			buildConfigurations = (
				173DC5B71EA749C8007C40B9 /* Debug */,
				173DC5B81EA749C8007C40B9 /* Release */,
			);
			defaultConfigurationIsVisible = 0;
			defaultConfigurationName = Release;
		};
		173DC5B91EA749C8007C40B9 /* Build configuration list for PBXNativeTarget "occupyBoxTests" */ = {
			isa = XCConfigurationList;
			buildConfigurations = (
				173DC5BA1EA749C8007C40B9 /* Debug */,
				173DC5BB1EA749C8007C40B9 /* Release */,
			);
			defaultConfigurationIsVisible = 0;
			defaultConfigurationName = Release;
		};
		173DC5BC1EA749C8007C40B9 /* Build configuration list for PBXNativeTarget "occupyBoxUITests" */ = {
			isa = XCConfigurationList;
			buildConfigurations = (
				173DC5BD1EA749C8007C40B9 /* Debug */,
				173DC5BE1EA749C8007C40B9 /* Release */,
			);
			defaultConfigurationIsVisible = 0;
			defaultConfigurationName = Release;
		};
/* End XCConfigurationList section */
	};
	rootObject = 173DC5811EA749C7007C40B9 /* Project object */;
}
